
Microsoft Visual Studio Solution File, Format Version 12.00
# Visual Studio Version 17
VisualStudioVersion = 17.1.32228.430
MinimumVisualStudioVersion = 10.0.40219.1
Project("{FAE04EC0-301F-11D3-BF4B-00C04F79EFBC}") = "Chart", "Chart\Chart.csproj", "{91D132A8-8CD0-4C84-8BDB-1C23946D73F2}"
EndProject
Global
	GlobalSection(SolutionConfigurationPlatforms) = preSolution
		Debug|Any CPU = Debug|Any CPU
		Release|Any CPU = Release|Any CPU
	EndGlobalSection
	GlobalSection(ProjectConfigurationPlatforms) = postSolution
		{91D132A8-8CD0-4C84-8BDB-1C23946D73F2}.Debug|Any CPU.ActiveCfg = Debug|Any CPU
		{91D132A8-8CD0-4C84-8BDB-1C23946D73F2}.Debug|Any CPU.Build.0 = Debug|Any CPU
		{91D132A8-8CD0-4C84-8BDB-1C23946D73F2}.Release|Any CPU.ActiveCfg = Release|Any CPU
		{91D132A8-8CD0-4C84-8BDB-1C23946D73F2}.Release|Any CPU.Build.0 = Release|Any CPU
	EndGlobalSection
	GlobalSection(SolutionProperties) = preSolution
		HideSolutionNode = FALSE
	EndGlobalSection
	GlobalSection(ExtensibilityGlobals) = postSolution
		SolutionGuid = {868045C9-5C0A-4DF1-852F-DD1DA4717231}
	EndGlobalSection
EndGlobal
